
Microsoft Visual Studio Solution File, Format Version 12.00
# Visual Studio Version 17
VisualStudioVersion = 17.9.34728.123
MinimumVisualStudioVersion = 10.0.40219.1
Project("{9A19103F-16F7-4668-BE54-9A1E7A4F7556}") = "Catalog", "Catalog\Catalog.csproj", "{76C4881A-B9F1-4465-924E-9E79124061C0}"
EndProject
Global
	GlobalSection(SolutionConfigurationPlatforms) = preSolution
		Debug|Any CPU = Debug|Any CPU
		Release|Any CPU = Release|Any CPU
	EndGlobalSection
	GlobalSection(ProjectConfigurationPlatforms) = postSolution
		{76C4881A-B9F1-4465-924E-9E79124061C0}.Debug|Any CPU.ActiveCfg = Debug|Any CPU
		{76C4881A-B9F1-4465-924E-9E79124061C0}.Debug|Any CPU.Build.0 = Debug|Any CPU
		{76C4881A-B9F1-4465-924E-9E79124061C0}.Release|Any CPU.ActiveCfg = Release|Any CPU
		{76C4881A-B9F1-4465-924E-9E79124061C0}.Release|Any CPU.Build.0 = Release|Any CPU
	EndGlobalSection
	GlobalSection(SolutionProperties) = preSolution
		HideSolutionNode = FALSE
	EndGlobalSection
	GlobalSection(ExtensibilityGlobals) = postSolution
		SolutionGuid = {B7907E4F-6539-47BC-B8DC-D81396356BCE}
	EndGlobalSection
EndGlobal
